
Microsoft Visual Studio Solution File, Format Version 12.00
# Visual Studio Version 17
VisualStudioVersion = 17.2.32505.173
MinimumVisualStudioVersion = 10.0.40219.1
Project("{9A19103F-16F7-4668-BE54-9A1E7A4F7556}") = "KOF.Application", "KOF\KOF.Application.csproj", "{938BE435-D5FF-4CA5-8956-9E48675A9BF4}"
EndProject
Global
	GlobalSection(SolutionConfigurationPlatforms) = preSolution
		Debug|Any CPU = Debug|Any CPU
		Release|Any CPU = Release|Any CPU
	EndGlobalSection
	GlobalSection(ProjectConfigurationPlatforms) = postSolution
		{938BE435-D5FF-4CA5-8956-9E48675A9BF4}.Debug|Any CPU.ActiveCfg = Debug|Any CPU
		{938BE435-D5FF-4CA5-8956-9E48675A9BF4}.Debug|Any CPU.Build.0 = Debug|Any CPU
		{938BE435-D5FF-4CA5-8956-9E48675A9BF4}.Release|Any CPU.ActiveCfg = Release|Any CPU
		{938BE435-D5FF-4CA5-8956-9E48675A9BF4}.Release|Any CPU.Build.0 = Release|Any CPU
	EndGlobalSection
	GlobalSection(SolutionProperties) = preSolution
		HideSolutionNode = FALSE
	EndGlobalSection
	GlobalSection(ExtensibilityGlobals) = postSolution
		SolutionGuid = {B876ECF0-7AB3-45B9-8210-0BC111AC39D8}
	EndGlobalSection
EndGlobal
